<Solution>
  <Folder Name="/Docs/">
    <File Path="Docs/ADR-ManualChapterUploadArchitecture.md" />
    <File Path="Docs/CLAUDE_TASK_ManualUpload.md" />
    <File Path="Docs/CLAUDE_TASK_Notifications.md" />
    <File Path="Docs/DraftView Billing Model v2.docx" />
    <File Path="Docs/DraftView Business Model v3.docx" />
    <File Path="Docs/DraftView Git Rules.md" />
    <File Path="Docs/DraftView-UAT-Plan.md" />
    <File Path="Docs/DraftView.txt" />
    <File Path="Docs/DropBox Synchronisation Using WebHooks.md" />
    <File Path="Docs/HISTORY.md" />
    <File Path="Docs/ManualChapterUploadUXSpec.md" />
    <File Path="Docs/MultiTenancy.md" />
    <File Path="Docs/Passage Anchoring, Reader Continuity, and Inline Commentary.md" />
    <File Path="Docs/PostgreSQL.md" />
    <File Path="Docs/PowerShell.md" />
    <File Path="Docs/Principles.md" />
    <File Path="Docs/Publishing And versioning Architecture.md" />
    <File Path="Docs/Refactoring.md" />
    <File Path="Docs/Sprint4-EmailPrivacy.md" />
    <File Path="Docs/Sprints-Legacy.md" />
    <File Path="Docs/System State Messaging.md" />
    <File Path="Docs/TASKS.md" />
    <File Path="Docs/TASKS.old" />
    <File Path="Docs/TASKS1.old" />
    <File Path="Docs/TASKS2.old" />
    <File Path="Docs/Web-Layer-Business-Logic-Review.md" />
    <File Path="Docs/Work Plan.docx" />
    <File Path="Docs/betabooks-export.json" />
    <File Path="Docs/check-migrations.sql" />
    <File Path="Docs/check-project-columns.sql" />
    <File Path="Docs/draftview-marketing-pages.brief.md" />
    <File Path="Docs/files.zip" />
    <File Path="Docs/production-reset.prompt.md" />
    <File Path="Docs/site.css" />
    <File Path="Docs/tmp.sql" />
  </Folder>
  <Folder Name="/Docs/Prompts/">
    <File Path="Docs/BUG-015-reader-sees-unpublished-working-content-and-banner-version-missing.prompt.md" />
  </Folder>
  <Folder Name="/Solution Items/">
    <File Path=".gitignore" />
    <File Path="AGENTS.md" />
    <File Path="CLAUDE.md" />
    <File Path="appsettings.Production.json" />
    <File Path="start-claude.cmd" />
    <File Path="Copy-SourceFiles.ps1" />
    <File Path="Get-CodeFiles.ps1" />
    <File Path="get-dropbox-refresh-token.ps1" />
    <File Path="Get-LineEndings.ps1" />
    <File Path="pg.ps1" />
    <File Path="publish-draftview.ps1" />
    <File Path="Show-ProjectTree.ps1" />
    <File Path="start-codex.ps1" />
    <File Path="test-summary.ps1" />
    <File Path="Update-CssVersion.ps1" />
  </Folder>
  <Folder Name="/Solution Items/.github/">
    <File Path=".github/copilot-instructions.md" />
    <File Path=".github/PROMPT-STANDARD.md" />
  </Folder>
  <Folder Name="/Solution Items/.github/Instructions/">
    <File Path=".github/Instructions/refactoring.instructions.md" />
    <File Path=".github/Instructions/versioning.instructions.md" />
  </Folder>
  <Folder Name="/Solution Items/.github/Prompts/">
    <File Path=".github/Prompts/BUG-001-reader-removal-not-reflecting.prompt.md" />
    <File Path=".github/Prompts/BUG-002-system-support-no-readers-page.prompt.md" />
    <File Path=".github/Prompts/BUG-003-settings-ciphertext-error.prompt.md" />
    <File Path=".github/Prompts/BUG-004-forgotpassword-405.prompt.md" />
    <File Path=".github/Prompts/BUG-005-password-reset-link-expired.prompt.md" />
    <File Path=".github/Prompts/BUG-008-author-section-view-visual-design.prompt.md" />
    <File Path=".github/Prompts/BUG-009-new-scene-not-appearing-after-sync.prompt.md" />
    <File Path=".github/Prompts/BUG-010-publishing-page-no-navigation-link.prompt.md" />
    <File Path=".github/Prompts/BUG-012-new-scene-in-published-chapter-no-republish-prompt.prompt.md" />
    <File Path=".github/Prompts/BUG-014-republish-creates-versions-for-unchanged-scenes.prompt.md" />
    <File Path=".github/Prompts/BUG-016-publishing-raw-version-label.prompt.md" />
    <File Path=".github/Prompts/BUG-017-author-no-change-indicator-after-sync.prompt.md" />
    <File Path=".github/Prompts/BUG-018-reader-version-display.prompt.md" />
    <File Path=".github/Prompts/CHANGE-001-Move-Version-Number-In-Reader-DesktopAndMobileRead-views.md" />
    <File Path=".github/Prompts/CHANGE-002-Align-Scene-Version-Labels-On-Publishing.md" />
  </Folder>
  <Folder Name="/Solution Items/.github/Prompts/R-Sprint-Prompts/">
    <File Path=".github/Prompts/R-Sprint-Prompts/RS-A-Phase-A1.md" />
    <File Path=".github/Prompts/R-Sprint-Prompts/RS-A-Phase-A2.md" />
    <File Path=".github/Prompts/R-Sprint-Prompts/RS-A-Phase-A3.md" />
    <File Path=".github/Prompts/R-Sprint-Prompts/RS-A-Phase-A4.md" />
    <File Path=".github/Prompts/R-Sprint-Prompts/RS-B-Phase-B1.md" />
    <File Path=".github/Prompts/R-Sprint-Prompts/RS-B-Phase-B2.md" />
    <File Path=".github/Prompts/R-Sprint-Prompts/RS-B-Phase-B3.md" />
    <File Path=".github/Prompts/R-Sprint-Prompts/RS-B-Phase-B4.md" />
    <File Path=".github/Prompts/R-Sprint-Prompts/RS-C-Phase-C1.md" />
    <File Path=".github/Prompts/R-Sprint-Prompts/RS-C-Phase-C2.md" />
    <File Path=".github/Prompts/R-Sprint-Prompts/RS-C-Phase-C3.md" />
    <File Path=".github/Prompts/R-Sprint-Prompts/RS-C-Phase-C4.md" />
    <File Path=".github/Prompts/R-Sprint-Prompts/RS-D-Phase-D1.md" />
    <File Path=".github/Prompts/R-Sprint-Prompts/RS-D-Phase-D2.md" />
    <File Path=".github/Prompts/R-Sprint-Prompts/RS-D-Phase-D3.md" />
    <File Path=".github/Prompts/R-Sprint-Prompts/RS-D-Phase-D4.md" />
    <File Path=".github/Prompts/R-Sprint-Prompts/RS-D-Phase-D5.md" />
    <File Path=".github/Prompts/R-Sprint-Prompts/RS-E-Phase-E1.md" />
    <File Path=".github/Prompts/R-Sprint-Prompts/RS-E-Phase-E2.md" />
    <File Path=".github/Prompts/R-Sprint-Prompts/RS-E-Phase-E3.md" />
    <File Path=".github/Prompts/R-Sprint-Prompts/RS-E-Phase-E4.md" />
    <File Path=".github/Prompts/R-Sprint-Prompts/RS-F-Phase-F1.md" />
    <File Path=".github/Prompts/R-Sprint-Prompts/RS-F-Phase-F2.md" />
    <File Path=".github/Prompts/R-Sprint-Prompts/RS-F-Phase-F3.md" />
    <File Path=".github/Prompts/R-Sprint-Prompts/RS-G-Phase-G1.md" />
    <File Path=".github/Prompts/R-Sprint-Prompts/RS-G-Phase-G2.md" />
    <File Path=".github/Prompts/R-Sprint-Prompts/RS-G-Phase-G3.md" />
    <File Path=".github/Prompts/R-Sprint-Prompts/RS-H-Phase-H1.md" />
    <File Path=".github/Prompts/R-Sprint-Prompts/RS-H-Phase-H2.md" />
    <File Path=".github/Prompts/R-Sprint-Prompts/RS-H-Phase-H3.md" />
  </Folder>
  <Folder Name="/Solution Items/.github/Prompts/S-Sprint-Prompts/">
    <File Path=".github/Prompts/S-Sprint-Prompts/ssprint1-phase1.prompt.md" />
    <File Path=".github/Prompts/S-Sprint-Prompts/ssprint1-phase2.prompt.md" />
    <File Path=".github/Prompts/S-Sprint-Prompts/ssprint1-phase3.prompt.md" />
    <File Path=".github/Prompts/S-Sprint-Prompts/ssprint1-phase4.prompt.md" />
    <File Path=".github/Prompts/S-Sprint-Prompts/ssprint2-phase1.prompt.md" />
    <File Path=".github/Prompts/S-Sprint-Prompts/ssprint2-phase2.prompt.md" />
    <File Path=".github/Prompts/S-Sprint-Prompts/ssprint2-phase3.prompt.md" />
    <File Path=".github/Prompts/S-Sprint-Prompts/ssprint2-phase4.prompt.md" />
    <File Path=".github/Prompts/S-Sprint-Prompts/ssprint3-phase1.prompt.md" />
    <File Path=".github/Prompts/S-Sprint-Prompts/ssprint3-phase2.prompt.md" />
    <File Path=".github/Prompts/S-Sprint-Prompts/ssprint3-phase3.prompt.md" />
    <File Path=".github/Prompts/S-Sprint-Prompts/ssprint3-phase4.prompt.md" />
    <File Path=".github/Prompts/S-Sprint-Prompts/ssprint4-phase1.prompt.md" />
    <File Path=".github/Prompts/S-Sprint-Prompts/ssprint4-phase2.prompt.md" />
    <File Path=".github/Prompts/S-Sprint-Prompts/ssprint4-phase3.prompt.md" />
    <File Path=".github/Prompts/S-Sprint-Prompts/ssprint4-phase4.prompt.md" />
    <File Path=".github/Prompts/S-Sprint-Prompts/ssprint5-phase1.prompt.md" />
    <File Path=".github/Prompts/S-Sprint-Prompts/ssprint5-phase2.prompt.md" />
    <File Path=".github/Prompts/S-Sprint-Prompts/ssprint5-phase3.prompt.md" />
    <File Path=".github/Prompts/S-Sprint-Prompts/ssprint5-phase4.prompt.md" />
    <File Path=".github/Prompts/S-Sprint-Prompts/ssprint6-phase1.prompt.md" />
    <File Path=".github/Prompts/S-Sprint-Prompts/ssprint6-phase2.prompt.md" />
    <File Path=".github/Prompts/S-Sprint-Prompts/ssprint6-phase3.prompt.md" />
    <File Path=".github/Prompts/S-Sprint-Prompts/ssprint6-phase4.prompt.md" />
    <File Path=".github/Prompts/S-Sprint-Prompts/ssprint7-phase1.prompt.md" />
    <File Path=".github/Prompts/S-Sprint-Prompts/ssprint7-phase2.prompt.md" />
    <File Path=".github/Prompts/S-Sprint-Prompts/ssprint7-phase3.prompt.md" />
    <File Path=".github/Prompts/S-Sprint-Prompts/ssprint7-phase4.prompt.md" />
    <File Path=".github/Prompts/S-Sprint-Prompts/ssprint8-phase1.prompt.md" />
    <File Path=".github/Prompts/S-Sprint-Prompts/ssprint8-phase2.prompt.md" />
    <File Path=".github/Prompts/S-Sprint-Prompts/ssprint8-phase3.prompt.md" />
    <File Path=".github/Prompts/S-Sprint-Prompts/ssprint8-phase4.prompt.md" />
  </Folder>
  <Folder Name="/Tests/">
    <Project Path="DraftView.Application.Tests/DraftView.Application.Tests.csproj" />
    <Project Path="DraftView.Domain.Tests/DraftView.Domain.Tests.csproj" />
    <Project Path="DraftView.Infrastructure.Tests/DraftView.Infrastructure.Tests.csproj" />
    <Project Path="DraftView.Integration.Tests/DraftView.Integration.Tests.csproj" />
    <Project Path="DraftView.Web.Tests/DraftView.Web.Tests.csproj" />
  </Folder>
  <Project Path="DraftView.Application/DraftView.Application.csproj" />
  <Project Path="DraftView.DevTools/DraftView.DevTools.csproj" />
  <Project Path="DraftView.Domain/DraftView.Domain.csproj" />
  <Project Path="DraftView.Infrastructure/DraftView.Infrastructure.csproj" />
  <Project Path="DraftView.Web/DraftView.Web.csproj" />
</Solution>
