<Solution>
  <Folder Name="/Docs/">
    <File Path="DraftView Billing Model v2.docx" />
    <File Path="DraftView Business Model v3.docx" />
  </Folder>
  <Folder Name="/Solution Items/">
    <File Path=".gitignore" />
    <File Path="AGENTS.md" />
    <File Path="betabooks-export.json" />
    <File Path="bugfix-diff-para-removed.prompt.md" />
    <File Path="CLAUDE.md" />
    <File Path="CLAUDE_TASK_Notifications.md" />
    <File Path="Copy-SourceFiles.ps1" />
    <File Path="Get-CodeFiles.ps1" />
    <File Path="get-dropbox-refresh-token.ps1" />
    <File Path="pg.ps1" />
    <File Path="PowerShell.md" />
    <File Path="Principles.md" />
    <File Path="Project Forweard Plan.Txt" />
    <File Path="publish-draftview.ps1" />
    <File Path="Publishing And versioning Architecture.md" />
    <File Path="Refactoring.md" />
    <File Path="Show-ProjectTree.ps1" />
    <File Path="Stage13-Verify.ps1" />
    <File Path="start-codex.ps1" />
    <File Path="System State Messaging.md" />
    <File Path="TASKS2.old" />
    <File Path="Test-OracleSmtp.ps1" />
    <File Path="Update-CssVersion.ps1" />
  </Folder>
  <Folder Name="/Solution Items/.github/">
    <File Path="copilot-instructions.md" />
  </Folder>
  <Folder Name="/Solution Items/.github/Instructions/">
    <File Path="refactoring.instructions.md" />
    <File Path="versioning.instructions.md" />
  </Folder>
  <Folder Name="/Solution Items/.github/Prompts/">
    <File Path="vsprint1-phase1.prompt.md" />
    <File Path="vsprint1-phase2.prompt.md" />
    <File Path="vsprint1-phase3.prompt.md" />
    <File Path="vsprint1-phase4.prompt.md" />
    <File Path="vsprint1-phase5.prompt.md" />
    <File Path="vsprint1-phase6.prompt.md" />
    <File Path="vsprint2-phase1.prompt.md" />
    <File Path="vsprint2-phase2.prompt.md" />
    <File Path="vsprint2-phase3.prompt.md" />
    <File Path="vsprint3-phase1.prompt.md" />
    <File Path="vsprint3-phase2.prompt.md" />
    <File Path="vsprint3-phase3.prompt.md" />
    <File Path="vsprint4-phase1.prompt.md" />
    <File Path="vsprint4-phase2.prompt.md" />
    <File Path="vsprint4-phase3.prompt.md" />
    <File Path="vsprint5-phase1.prompt.md" />
    <File Path="vsprint5-phase2.prompt.md" />
    <File Path="vsprint5-phase3.prompt.md" />
  </Folder>
  <Folder Name="/Tests/">
    <Project Path="DraftView.Application.Tests/DraftView.Application.Tests.csproj" />
    <Project Path="DraftView.Domain.Tests/DraftView.Domain.Tests.csproj" />
    <Project Path="DraftView.Infrastructure.Tests/DraftView.Infrastructure.Tests.csproj" />
    <Project Path="DraftView.Integration.Tests/DraftView.Integration.Tests.csproj" />
    <Project Path="DraftView.Web.Tests/DraftView.Web.Tests.csproj" />
  </Folder>
  <Project Path="DraftView.Application/DraftView.Application.csproj" />
  <Project Path="DraftView.DevTools/DraftView.DevTools.csproj" />
  <Project Path="DraftView.Domain/DraftView.Domain.csproj" />
  <Project Path="DraftView.Infrastructure/DraftView.Infrastructure.csproj" />
  <Project Path="DraftView.Web/DraftView.Web.csproj" />
</Solution>
