<Solution>
  <Folder Name="/Docs/">
    <File Path="DraftView Billing Model v2.docx" />
    <File Path="DraftView Business Model v3.docx" />
  </Folder>
  <Folder Name="/Solution Items/">
    <File Path=".gitignore" />
    <File Path="betabooks-export.json" />
    <File Path="Copy-SourceFiles.ps1" />
    <File Path="Get-CodeFiles.ps1" />
    <File Path="get-dropbox-refresh-token.ps1" />
    <File Path="pg.ps1" />
    <File Path="PowerShell.md" />
    <File Path="Project Forweard Plan.Txt" />
    <File Path="publish-draftview.ps1" />
    <File Path="Show-ProjectTree.ps1" />
    <File Path="Step1-Thur-Dual-List.ps1" />
    <File Path="Step2-Thur-Fix-Readers.ps1" />
    <File Path="Step3-Thur-Readers-Redesign.ps1" />
    <File Path="Step4-Thur-Reader-Icons.ps1" />
    <File Path="Step5-Thur-AccessControl.ps1" />
    <File Path="TASKS.md" />
  </Folder>
  <Folder Name="/Solution Items/OldScripts/">
    <File Path="OldScripts/ChatGPT-Mobile-Fix1.ps1" />
    <File Path="OldScripts/fix-remaining-refs.ps1" />
    <File Path="OldScripts/patch-application-csproj.ps1" />
    <File Path="OldScripts/patch-betabooks-emails.ps1" />
    <File Path="OldScripts/patch-betabooks-project-scope.ps1" />
    <File Path="OldScripts/patch-betabooks-utc.ps1" />
    <File Path="OldScripts/patch-comment-domain.ps1" />
    <File Path="OldScripts/patch-comment-tests.ps1" />
    <File Path="OldScripts/patch-components-toasts.ps1" />
    <File Path="OldScripts/patch-css-version-fix.ps1" />
    <File Path="OldScripts/patch-css-version.ps1" />
    <File Path="OldScripts/patch-dashboard.ps1" />
    <File Path="OldScripts/patch-devtools-program.ps1" />
    <File Path="OldScripts/patch-layout-quotes.ps1" />
    <File Path="OldScripts/patch-layout-toast-script.ps1" />
    <File Path="OldScripts/patch-layout-toasts.ps1" />
    <File Path="OldScripts/patch-layout-version.ps1" />
    <File Path="OldScripts/patch-mobile-css.ps1" />
    <File Path="OldScripts/patch-projects-mobile.ps1" />
    <File Path="OldScripts/patch-projects-table.ps1" />
    <File Path="OldScripts/patch-sections-redirect.ps1" />
    <File Path="OldScripts/patch-sections-scroll-final.ps1" />
    <File Path="OldScripts/patch-sections-scroll-js.ps1" />
    <File Path="OldScripts/patch-sections-scroll-load.ps1" />
    <File Path="OldScripts/patch-sections-scroll-timeout.ps1" />
    <File Path="OldScripts/patch-sections-scroll.ps1" />
    <File Path="OldScripts/Patch-Sections.ps1" />
    <File Path="OldScripts/patch-syncservice-logging.ps1" />
    <File Path="OldScripts/patch-syncservice-tests.ps1" />
    <File Path="OldScripts/step1-authorid-tests.ps1" />
    <File Path="OldScripts/step10-file-downloader.ps1" />
    <File Path="OldScripts/step11-reader-access.ps1" />
    <File Path="OldScripts/step12-reader-dashboard.ps1" />
    <File Path="OldScripts/step13-fix-activate.ps1" />
    <File Path="OldScripts/step14-fix-reader-dashboard.ps1" />
    <File Path="OldScripts/step2-fix-callers.ps1" />
    <File Path="OldScripts/step3-dropbox-entity.ps1" />
    <File Path="OldScripts/step4-dropbox-tests.ps1" />
    <File Path="OldScripts/step5-fix-migration.ps1" />
    <File Path="OldScripts/step6-phase2-infrastructure.ps1" />
    <File Path="OldScripts/step7-phase3-syncservice.ps1" />
    <File Path="OldScripts/step8-phase4-oauth.ps1" />
    <File Path="OldScripts/step9-fix-discovery.ps1" />
  </Folder>
  <Folder Name="/Solution Items/OldScripts/01-04-26/">
    <File Path="OldScripts/step1-authorid-tests.ps1" />
    <File Path="OldScripts/step10-file-downloader.ps1" />
    <File Path="OldScripts/step11-reader-access.ps1" />
    <File Path="OldScripts/step12-reader-dashboard.ps1" />
    <File Path="OldScripts/step13-fix-activate.ps1" />
    <File Path="OldScripts/step14-fix-reader-dashboard.ps1" />
    <File Path="OldScripts/step2-fix-callers.ps1" />
    <File Path="OldScripts/step3-dropbox-entity.ps1" />
    <File Path="OldScripts/step4-dropbox-tests.ps1" />
    <File Path="OldScripts/step5-fix-migration.ps1" />
    <File Path="OldScripts/step6-phase2-infrastructure.ps1" />
    <File Path="OldScripts/step7-phase3-syncservice.ps1" />
    <File Path="OldScripts/step8-phase4-oauth.ps1" />
    <File Path="OldScripts/step9-fix-discovery.ps1" />
  </Folder>
  <Folder Name="/Tests/">
    <Project Path="DraftView.Application.Tests/DraftView.Application.Tests.csproj" />
    <Project Path="DraftView.Domain.Tests/DraftView.Domain.Tests.csproj" />
    <Project Path="DraftView.Infrastructure.Tests/DraftView.Infrastructure.Tests.csproj" />
  </Folder>
  <Project Path="DraftView.Application/DraftView.Application.csproj" />
  <Project Path="DraftView.DevTools/DraftView.DevTools.csproj" />
  <Project Path="DraftView.Domain/DraftView.Domain.csproj" />
  <Project Path="DraftView.Infrastructure/DraftView.Infrastructure.csproj" />
  <Project Path="DraftView.Web/DraftView.Web.csproj" />
</Solution>
